
Microsoft Visual Studio Solution File, Format Version 12.00
# Visual Studio Version 17
VisualStudioVersion = 17.6.33712.159
MinimumVisualStudioVersion = 10.0.40219.1
Project("{9A19103F-16F7-4668-BE54-9A1E7A4F7556}") = "HealthClaim.Web", "HealthClaim.Web\HealthClaim.Web.csproj", "{5DBE6B5F-F898-4646-AF9F-523AB714834F}"
EndProject
Global
	GlobalSection(SolutionConfigurationPlatforms) = preSolution
		Debug|Any CPU = Debug|Any CPU
		Release|Any CPU = Release|Any CPU
	EndGlobalSection
	GlobalSection(ProjectConfigurationPlatforms) = postSolution
		{5DBE6B5F-F898-4646-AF9F-523AB714834F}.Debug|Any CPU.ActiveCfg = Debug|Any CPU
		{5DBE6B5F-F898-4646-AF9F-523AB714834F}.Debug|Any CPU.Build.0 = Debug|Any CPU
		{5DBE6B5F-F898-4646-AF9F-523AB714834F}.Release|Any CPU.ActiveCfg = Release|Any CPU
		{5DBE6B5F-F898-4646-AF9F-523AB714834F}.Release|Any CPU.Build.0 = Release|Any CPU
	EndGlobalSection
	GlobalSection(SolutionProperties) = preSolution
		HideSolutionNode = FALSE
	EndGlobalSection
	GlobalSection(ExtensibilityGlobals) = postSolution
		SolutionGuid = {041C8D95-E6F8-41E4-A1CE-2F0130BB7096}
	EndGlobalSection
EndGlobal
